
Microsoft Visual Studio Solution File, Format Version 12.00
# Visual Studio 15
VisualStudioVersion = 15.0.27428.2037
MinimumVisualStudioVersion = 10.0.40219.1
Project("{FAE04EC0-301F-11D3-BF4B-00C04F79EFBC}") = "CedroRestaurante.API", "CedroRestaurante.API\CedroRestaurante.API.csproj", "{F26F7ED2-5017-46F7-A4C1-DE7BE016CB5C}"
EndProject
Project("{FAE04EC0-301F-11D3-BF4B-00C04F79EFBC}") = "CedroRestaurante.DataObjects", "CedroRestaurante.DataObjects\CedroRestaurante.DataObjects.csproj", "{F8AAF4E7-00B6-422F-AE4B-D7BFEED878E3}"
EndProject
Project("{FAE04EC0-301F-11D3-BF4B-00C04F79EFBC}") = "CedroRestaurante.ApplicationService", "CedroRestaurante.Services\CedroRestaurante.ApplicationService.csproj", "{4EDE621B-CE53-4C1C-B383-C383E3777494}"
EndProject
Project("{FAE04EC0-301F-11D3-BF4B-00C04F79EFBC}") = "CedroRestaurante.Tests", "CedroRestaurante.Tests\CedroRestaurante.Tests.csproj", "{2D7C5364-CA70-4FF4-B3D5-23747FBC29E8}"
EndProject
Project("{FAE04EC0-301F-11D3-BF4B-00C04F79EFBC}") = "CedroRestaurante.Persistence", "CedroRestaurante.Persistence\CedroRestaurante.Persistence.csproj", "{1F88218B-1A87-4FCB-85D9-A67F64FD4FA9}"
EndProject
Global
	GlobalSection(SolutionConfigurationPlatforms) = preSolution
		Debug|Any CPU = Debug|Any CPU
		Release|Any CPU = Release|Any CPU
	EndGlobalSection
	GlobalSection(ProjectConfigurationPlatforms) = postSolution
		{F26F7ED2-5017-46F7-A4C1-DE7BE016CB5C}.Debug|Any CPU.ActiveCfg = Debug|Any CPU
		{F26F7ED2-5017-46F7-A4C1-DE7BE016CB5C}.Debug|Any CPU.Build.0 = Debug|Any CPU
		{F26F7ED2-5017-46F7-A4C1-DE7BE016CB5C}.Release|Any CPU.ActiveCfg = Release|Any CPU
		{F26F7ED2-5017-46F7-A4C1-DE7BE016CB5C}.Release|Any CPU.Build.0 = Release|Any CPU
		{F8AAF4E7-00B6-422F-AE4B-D7BFEED878E3}.Debug|Any CPU.ActiveCfg = Debug|Any CPU
		{F8AAF4E7-00B6-422F-AE4B-D7BFEED878E3}.Debug|Any CPU.Build.0 = Debug|Any CPU
		{F8AAF4E7-00B6-422F-AE4B-D7BFEED878E3}.Release|Any CPU.ActiveCfg = Release|Any CPU
		{F8AAF4E7-00B6-422F-AE4B-D7BFEED878E3}.Release|Any CPU.Build.0 = Release|Any CPU
		{4EDE621B-CE53-4C1C-B383-C383E3777494}.Debug|Any CPU.ActiveCfg = Debug|Any CPU
		{4EDE621B-CE53-4C1C-B383-C383E3777494}.Debug|Any CPU.Build.0 = Debug|Any CPU
		{4EDE621B-CE53-4C1C-B383-C383E3777494}.Release|Any CPU.ActiveCfg = Release|Any CPU
		{4EDE621B-CE53-4C1C-B383-C383E3777494}.Release|Any CPU.Build.0 = Release|Any CPU
		{2D7C5364-CA70-4FF4-B3D5-23747FBC29E8}.Debug|Any CPU.ActiveCfg = Debug|Any CPU
		{2D7C5364-CA70-4FF4-B3D5-23747FBC29E8}.Debug|Any CPU.Build.0 = Debug|Any CPU
		{2D7C5364-CA70-4FF4-B3D5-23747FBC29E8}.Release|Any CPU.ActiveCfg = Release|Any CPU
		{2D7C5364-CA70-4FF4-B3D5-23747FBC29E8}.Release|Any CPU.Build.0 = Release|Any CPU
		{1F88218B-1A87-4FCB-85D9-A67F64FD4FA9}.Debug|Any CPU.ActiveCfg = Debug|Any CPU
		{1F88218B-1A87-4FCB-85D9-A67F64FD4FA9}.Debug|Any CPU.Build.0 = Debug|Any CPU
		{1F88218B-1A87-4FCB-85D9-A67F64FD4FA9}.Release|Any CPU.ActiveCfg = Release|Any CPU
		{1F88218B-1A87-4FCB-85D9-A67F64FD4FA9}.Release|Any CPU.Build.0 = Release|Any CPU
	EndGlobalSection
	GlobalSection(SolutionProperties) = preSolution
		HideSolutionNode = FALSE
	EndGlobalSection
	GlobalSection(ExtensibilityGlobals) = postSolution
		SolutionGuid = {970B991C-9D1B-4820-A472-5D258EC85D62}
	EndGlobalSection
EndGlobal
